
Microsoft Visual Studio Solution File, Format Version 12.00
# Visual Studio Version 16
VisualStudioVersion = 25.0.1706.5
MinimumVisualStudioVersion = 10.0.40219.1
Project("{FAE04EC0-301F-11D3-BF4B-00C04F79EFBC}") = "imgUploaderSK", "imgUploaderSK.csproj", "{CE26BA72-4AC5-4B98-8457-753FEA325EF3}"
EndProject
Global
	GlobalSection(SolutionConfigurationPlatforms) = preSolution
		Debug|Any CPU = Debug|Any CPU
		Release|Any CPU = Release|Any CPU
	EndGlobalSection
	GlobalSection(ProjectConfigurationPlatforms) = postSolution
		{CE26BA72-4AC5-4B98-8457-753FEA325EF3}.Debug|Any CPU.ActiveCfg = Debug|Any CPU
		{CE26BA72-4AC5-4B98-8457-753FEA325EF3}.Debug|Any CPU.Build.0 = Debug|Any CPU
		{CE26BA72-4AC5-4B98-8457-753FEA325EF3}.Release|Any CPU.ActiveCfg = Release|Any CPU
		{CE26BA72-4AC5-4B98-8457-753FEA325EF3}.Release|Any CPU.Build.0 = Release|Any CPU
	EndGlobalSection
	GlobalSection(SolutionProperties) = preSolution
		HideSolutionNode = FALSE
	EndGlobalSection
	GlobalSection(ExtensibilityGlobals) = postSolution
		SolutionGuid = {DBC6D638-DD65-4662-A081-CA05014229FD}
	EndGlobalSection
EndGlobal
